
Microsoft Visual Studio Solution File, Format Version 12.00
# Visual Studio Version 17
VisualStudioVersion = 17.14.36414.22
MinimumVisualStudioVersion = 10.0.40219.1
Project("{FAE04EC0-301F-11D3-BF4B-00C04F79EFBC}") = "WebApi", "WebApi\WebApi.csproj", "{8DCC3993-C7EF-415A-AA13-67C35188129E}"
EndProject
Global
	GlobalSection(SolutionConfigurationPlatforms) = preSolution
		Debug|Any CPU = Debug|Any CPU
		Release|Any CPU = Release|Any CPU
	EndGlobalSection
	GlobalSection(ProjectConfigurationPlatforms) = postSolution
		{8DCC3993-C7EF-415A-AA13-67C35188129E}.Debug|Any CPU.ActiveCfg = Debug|Any CPU
		{8DCC3993-C7EF-415A-AA13-67C35188129E}.Debug|Any CPU.Build.0 = Debug|Any CPU
		{8DCC3993-C7EF-415A-AA13-67C35188129E}.Release|Any CPU.ActiveCfg = Release|Any CPU
		{8DCC3993-C7EF-415A-AA13-67C35188129E}.Release|Any CPU.Build.0 = Release|Any CPU
	EndGlobalSection
	GlobalSection(SolutionProperties) = preSolution
		HideSolutionNode = FALSE
	EndGlobalSection
	GlobalSection(ExtensibilityGlobals) = postSolution
		SolutionGuid = {540B45F0-04F8-4D55-B05D-E1FEDD435F6B}
	EndGlobalSection
EndGlobal
